default:
    suites:
        domain_optimistic_entity_lock:
            contexts:
                - coreshop.behat.context.hook.pimcore_setup
                - coreshop.behat.context.hook.coreshop_setup

                - CoreShop\Bundle\TestBundle\Context\Hook\DoctrineORMContext
                - coreshop.behat.context.hook.pimcore_dao

                - CoreShop\Bundle\TestBundle\Context\Transform\SharedStorageContext
                - CoreShop\Bundle\TestBundle\Context\Transform\ClassContext

                - CoreShop\Bundle\TestBundle\Context\Setup\ClassContext
                - coreshop.behat.context.setup.optimistic_entity_lock

                - CoreShop\Bundle\TestBundle\Context\Domain\ClassContext
                - CoreShop\Bundle\TestBundle\Context\Domain\PimcoreContext
            filters:
                tags: "@optimistic_entity_lock"
